<?xml version="1.0" encoding="utf-8"?>
<Project ToolsVersion="4.0" xmlns="http://schemas.microsoft.com/developer/msbuild/2003">
  <ItemGroup>
    <Filter Include="Source Files">
      <UniqueIdentifier>{b309ebd6-601d-4c36-85ab-90b9209d3d9a}</UniqueIdentifier>
      <Extensions>cpp;c;cxx;rc;def;r;odl;idl;hpj;bat</Extensions>
    </Filter>
    <Filter Include="Header Files">
      <UniqueIdentifier>{6222b953-44ac-4114-828f-35f5777a91c2}</UniqueIdentifier>
      <Extensions>h;hpp;hxx;hm;inl</Extensions>
    </Filter>
    <Filter Include="Resource Files">
      <UniqueIdentifier>{1cd2adac-e858-4e95-b736-5a3dbf9bcef3}</UniqueIdentifier>
      <Extensions>ico;cur;bmp;dlg;rc2;rct;bin;rgs;gif;jpg;jpeg;jpe</Extensions>
    </Filter>
    <Filter Include="Network Files">
      <UniqueIdentifier>{91c6a1f4-3404-489c-8962-e5ea0a0c8109}</UniqueIdentifier>
    </Filter>
    <Filter Include="Network Files\Mcl">
      <UniqueIdentifier>{1d26c752-d3d6-4dea-9542-fc32d8f4e936}</UniqueIdentifier>
    </Filter>
    <Filter Include="Network Files\Misc">
      <UniqueIdentifier>{cff3e961-86d4-4556-946d-673b0c15fc14}</UniqueIdentifier>
    </Filter>
    <Filter Include="Network Files\Net">
      <UniqueIdentifier>{6566e384-100f-4bd0-a356-73c5c3b2f2c5}</UniqueIdentifier>
    </Filter>
    <Filter Include="Neuz Files">
      <UniqueIdentifier>{fef8fcef-d7c0-4e73-b4e3-6ce158000b07}</UniqueIdentifier>
    </Filter>
    <Filter Include="Neuz Files\DX">
      <UniqueIdentifier>{0980ad88-0459-4d7f-9806-cbdef2620427}</UniqueIdentifier>
    </Filter>
    <Filter Include="Neuz Files\Cmn">
      <UniqueIdentifier>{343f2f22-1a9d-4998-853e-f37ebe13b2bc}</UniqueIdentifier>
    </Filter>
    <Filter Include="ODBC Files">
      <UniqueIdentifier>{76b6d58d-5e42-4f25-897e-1d0a8bc1f112}</UniqueIdentifier>
    </Filter>
    <Filter Include="Exception">
      <UniqueIdentifier>{5a4ea5e8-42ff-44e9-a009-581e75175310}</UniqueIdentifier>
    </Filter>
    <Filter Include="Billing">
      <UniqueIdentifier>{91b4c31c-d232-441a-b4a8-69f7ca2d0147}</UniqueIdentifier>
    </Filter>
  </ItemGroup>
  <ItemGroup>
    <ClCompile Include="account.cpp">
      <Filter>Source Files</Filter>
    </ClCompile>
    <ClCompile Include="AccountServer.cpp">
      <Filter>Source Files</Filter>
    </ClCompile>
    <ClCompile Include="DBManager.cpp">
      <Filter>Source Files</Filter>
    </ClCompile>
    <ClCompile Include="dpdbsrvr.cpp">
      <Filter>Source Files</Filter>
    </ClCompile>
    <ClCompile Include="dpsrvr.cpp">
      <Filter>Source Files</Filter>
    </ClCompile>
    <ClCompile Include="dpwldsrvr.cpp">
      <Filter>Source Files</Filter>
    </ClCompile>
    <ClCompile Include="globalgiftbox.cpp">
      <Filter>Source Files</Filter>
    </ClCompile>
    <ClCompile Include="StdAfx.cpp">
      <Filter>Source Files</Filter>
    </ClCompile>
    <ClCompile Include="..\_network\misc\src\ar.cpp">
      <Filter>Network Files\Misc</Filter>
    </ClCompile>
    <ClCompile Include="..\_Network\Misc\Src\heapmng.cpp">
      <Filter>Network Files\Misc</Filter>
    </ClCompile>
    <ClCompile Include="..\_network\misc\src\mytrace.cpp">
      <Filter>Network Files\Misc</Filter>
    </ClCompile>
    <ClCompile Include="..\_network\net2\src\buffer.cpp">
      <Filter>Network Files\Net</Filter>
    </ClCompile>
    <ClCompile Include="..\_network\net2\src\crc.cpp">
      <Filter>Network Files\Net</Filter>
    </ClCompile>
    <ClCompile Include="..\_network\net2\src\sock.cpp">
      <Filter>Network Files\Net</Filter>
    </ClCompile>
    <ClCompile Include="..\_directx\dxutil.cpp">
      <Filter>Neuz Files\DX</Filter>
    </ClCompile>
    <ClCompile Include="..\_common\debug.cpp">
      <Filter>Neuz Files\Cmn</Filter>
    </ClCompile>
    <ClCompile Include="..\_common\file.cpp">
      <Filter>Neuz Files\Cmn</Filter>
    </ClCompile>
    <ClCompile Include="..\_Common\memtrace.cpp">
      <Filter>Neuz Files\Cmn</Filter>
    </ClCompile>
    <ClCompile Include="..\_common\scanner.cpp">
      <Filter>Neuz Files\Cmn</Filter>
    </ClCompile>
    <ClCompile Include="..\_common\timer.cpp">
      <Filter>Neuz Files\Cmn</Filter>
    </ClCompile>
    <ClCompile Include="..\_common\vutil.cpp">
      <Filter>Neuz Files\Cmn</Filter>
    </ClCompile>
    <ClCompile Include="..\_common\xutil.cpp">
      <Filter>Neuz Files\Cmn</Filter>
    </ClCompile>
    <ClCompile Include="..\_Database\des.c">
      <Filter>ODBC Files</Filter>
    </ClCompile>
    <ClCompile Include="..\_Database\Query.cpp">
      <Filter>ODBC Files</Filter>
    </ClCompile>
    <ClCompile Include="..\_UnhandledException\exceptionhandler.cpp">
      <Filter>Exception</Filter>
    </ClCompile>
    <ClCompile Include="BillingMgr.cpp">
      <Filter>Billing</Filter>
    </ClCompile>
    <ClCompile Include="BillingMgrJP.cpp">
      <Filter>Billing</Filter>
    </ClCompile>
    <ClCompile Include="BillingMgrJP2.cpp">
      <Filter>Billing</Filter>
    </ClCompile>
    <ClCompile Include="BillingMgrTH.cpp">
      <Filter>Billing</Filter>
    </ClCompile>
    <ClCompile Include="BillingMgrTW.cpp">
      <Filter>Billing</Filter>
    </ClCompile>
    <ClCompile Include="dpadbill.cpp">
      <Filter>Billing</Filter>
    </ClCompile>
    <ClCompile Include="dpBilling.cpp">
      <Filter>Billing</Filter>
    </ClCompile>
    <ClCompile Include="dpBillingTH.cpp">
      <Filter>Billing</Filter>
    </ClCompile>
  </ItemGroup>
  <ItemGroup>
    <ResourceCompile Include="AccountServer.rc">
      <Filter>Source Files</Filter>
    </ResourceCompile>
  </ItemGroup>
  <ItemGroup>
    <ClInclude Include="account.h">
      <Filter>Header Files</Filter>
    </ClInclude>
    <ClInclude Include="AccountServer.h">
      <Filter>Header Files</Filter>
    </ClInclude>
    <ClInclude Include="DBManager.h">
      <Filter>Header Files</Filter>
    </ClInclude>
    <ClInclude Include="dpdbsrvr.h">
      <Filter>Header Files</Filter>
    </ClInclude>
    <ClInclude Include="dpsrvr.h">
      <Filter>Header Files</Filter>
    </ClInclude>
    <ClInclude Include="dpwldsrvr.h">
      <Filter>Header Files</Filter>
    </ClInclude>
    <ClInclude Include="globalgiftbox.h">
      <Filter>Header Files</Filter>
    </ClInclude>
    <ClInclude Include="resource.h">
      <Filter>Header Files</Filter>
    </ClInclude>
    <ClInclude Include="StdAfx.h">
      <Filter>Header Files</Filter>
    </ClInclude>
    <ClInclude Include="VersionCommon.h">
      <Filter>Header Files</Filter>
    </ClInclude>
    <ClInclude Include="..\_network\cmnhdr.h">
      <Filter>Network Files</Filter>
    </ClInclude>
    <ClInclude Include="..\_network\msghdr.h">
      <Filter>Network Files</Filter>
    </ClInclude>
    <ClInclude Include="..\_network\mcl\include\cmcl.h">
      <Filter>Network Files\Mcl</Filter>
    </ClInclude>
    <ClInclude Include="..\_network\mcl\include\cmclautolock.h">
      <Filter>Network Files\Mcl</Filter>
    </ClInclude>
    <ClInclude Include="..\_network\mcl\include\cmclcritsec.h">
      <Filter>Network Files\Mcl</Filter>
    </ClInclude>
    <ClInclude Include="..\_network\misc\include\ar.h">
      <Filter>Network Files\Misc</Filter>
    </ClInclude>
    <ClInclude Include="..\_network\misc\include\heapmng.h">
      <Filter>Network Files\Misc</Filter>
    </ClInclude>
    <ClInclude Include="..\_network\misc\include\mempooler.h">
      <Filter>Network Files\Misc</Filter>
    </ClInclude>
    <ClInclude Include="..\_network\misc\include\misc.h">
      <Filter>Network Files\Misc</Filter>
    </ClInclude>
    <ClInclude Include="..\_network\misc\include\mymap.h">
      <Filter>Network Files\Misc</Filter>
    </ClInclude>
    <ClInclude Include="..\_network\misc\include\mytrace.h">
      <Filter>Network Files\Misc</Filter>
    </ClInclude>
    <ClInclude Include="..\_network\net2\include\buffer.h">
      <Filter>Network Files\Net</Filter>
    </ClInclude>
    <ClInclude Include="..\_network\net2\include\clientsock.h">
      <Filter>Network Files\Net</Filter>
    </ClInclude>
    <ClInclude Include="..\_network\net2\include\clientsocke.h">
      <Filter>Network Files\Net</Filter>
    </ClInclude>
    <ClInclude Include="..\_network\net2\include\crc.h">
      <Filter>Network Files\Net</Filter>
    </ClInclude>
    <ClInclude Include="..\_network\net2\include\dpmng.h">
      <Filter>Network Files\Net</Filter>
    </ClInclude>
    <ClInclude Include="..\_network\net2\include\dpsock.h">
      <Filter>Network Files\Net</Filter>
    </ClInclude>
    <ClInclude Include="..\_network\net2\include\serversock.h">
      <Filter>Network Files\Net</Filter>
    </ClInclude>
    <ClInclude Include="..\_network\net2\include\serversocke.h">
      <Filter>Network Files\Net</Filter>
    </ClInclude>
    <ClInclude Include="..\_network\net2\include\sock.h">
      <Filter>Network Files\Net</Filter>
    </ClInclude>
    <ClInclude Include="..\_Common\DefineCommon.h">
      <Filter>Neuz Files</Filter>
    </ClInclude>
    <ClInclude Include="..\_directx\dxutil.h">
      <Filter>Neuz Files\DX</Filter>
    </ClInclude>
    <ClInclude Include="..\_common\buyinginfo.h">
      <Filter>Neuz Files\Cmn</Filter>
    </ClInclude>
    <ClInclude Include="..\_common\data.h">
      <Filter>Neuz Files\Cmn</Filter>
    </ClInclude>
    <ClInclude Include="..\_common\debug.h">
      <Filter>Neuz Files\Cmn</Filter>
    </ClInclude>
    <ClInclude Include="..\_common\file.h">
      <Filter>Neuz Files\Cmn</Filter>
    </ClInclude>
    <ClInclude Include="..\_Common\memtrace.h">
      <Filter>Neuz Files\Cmn</Filter>
    </ClInclude>
    <ClInclude Include="..\_common\scanner.h">
      <Filter>Neuz Files\Cmn</Filter>
    </ClInclude>
    <ClInclude Include="..\_common\timer.h">
      <Filter>Neuz Files\Cmn</Filter>
    </ClInclude>
    <ClInclude Include="..\_common\vutil.h">
      <Filter>Neuz Files\Cmn</Filter>
    </ClInclude>
    <ClInclude Include="..\_common\xutil.h">
      <Filter>Neuz Files\Cmn</Filter>
    </ClInclude>
    <ClInclude Include="..\_Database\des.h">
      <Filter>ODBC Files</Filter>
    </ClInclude>
    <ClInclude Include="..\_Database\Query.h">
      <Filter>ODBC Files</Filter>
    </ClInclude>
    <ClInclude Include="..\_UnhandledException\exceptionhandler.h">
      <Filter>Exception</Filter>
    </ClInclude>
    <ClInclude Include="BillingMgr.h">
      <Filter>Billing</Filter>
    </ClInclude>
    <ClInclude Include="BillingMgrJP.h">
      <Filter>Billing</Filter>
    </ClInclude>
    <ClInclude Include="BillingMgrJP2.h">
      <Filter>Billing</Filter>
    </ClInclude>
    <ClInclude Include="BillingMgrTH.h">
      <Filter>Billing</Filter>
    </ClInclude>
    <ClInclude Include="BillingMgrTW.h">
      <Filter>Billing</Filter>
    </ClInclude>
    <ClInclude Include="dpadbill.h">
      <Filter>Billing</Filter>
    </ClInclude>
    <ClInclude Include="dpBilling.h">
      <Filter>Billing</Filter>
    </ClInclude>
    <ClInclude Include="dpBillingTH.h">
      <Filter>Billing</Filter>
    </ClInclude>
  </ItemGroup>
  <ItemGroup>
    <Image Include="AccountServer.ico">
      <Filter>Resource Files</Filter>
    </Image>
    <Image Include="small.ico">
      <Filter>Resource Files</Filter>
    </Image>
  </ItemGroup>
  <ItemGroup>
    <None Include="AccountServer.ini">
      <Filter>Resource Files</Filter>
    </None>
  </ItemGroup>
  <ItemGroup>
    <Library Include="..\_UnhandledException\neuzd.lib">
      <Filter>Exception</Filter>
    </Library>
  </ItemGroup>
</Project>