<?xml version="1.0" encoding="utf-8"?>
<Project ToolsVersion="4.0" xmlns="http://schemas.microsoft.com/developer/msbuild/2003">
  <ItemGroup>
    <Filter Include="Source Files">
      <UniqueIdentifier>{ecd29b2a-401c-4274-96dd-09afda4e9f06}</UniqueIdentifier>
      <Extensions>cpp;c;cxx;rc;def;r;odl;idl;hpj;bat</Extensions>
    </Filter>
    <Filter Include="Header Files">
      <UniqueIdentifier>{457d267c-eba2-4a68-9480-814e28ad81fc}</UniqueIdentifier>
      <Extensions>h;hpp;hxx;hm;inl</Extensions>
    </Filter>
    <Filter Include="Resource Files">
      <UniqueIdentifier>{2ef75821-2841-43a6-812a-1fd21b4a5469}</UniqueIdentifier>
      <Extensions>ico;cur;bmp;dlg;rc2;rct;bin;rgs;gif;jpg;jpeg;jpe</Extensions>
    </Filter>
    <Filter Include="Network Files">
      <UniqueIdentifier>{dc26d0ca-e79c-4f52-a6cf-87a9638a468e}</UniqueIdentifier>
    </Filter>
    <Filter Include="Network Files\Misc">
      <UniqueIdentifier>{8a1950c5-db97-4fdc-9f6c-5e2715237fcf}</UniqueIdentifier>
    </Filter>
    <Filter Include="Network Files\Mcl">
      <UniqueIdentifier>{f915ab8c-fe9a-44b5-8099-2d056cd8b695}</UniqueIdentifier>
    </Filter>
    <Filter Include="Network Files\Net">
      <UniqueIdentifier>{47d77394-6cea-438a-9796-f4afc72ed31d}</UniqueIdentifier>
    </Filter>
    <Filter Include="Neuz Files">
      <UniqueIdentifier>{0ec4e913-6f80-4a4f-851d-00e5a596ddf3}</UniqueIdentifier>
    </Filter>
    <Filter Include="Neuz Files\DirectX Files">
      <UniqueIdentifier>{abdb184b-9b80-4989-9158-8dbf81bf8039}</UniqueIdentifier>
    </Filter>
    <Filter Include="Neuz Files\Common Files">
      <UniqueIdentifier>{39f8f649-0f89-46b8-8738-00704de261b4}</UniqueIdentifier>
    </Filter>
    <Filter Include="Neuz Files\Common Files\Script">
      <UniqueIdentifier>{0508db8d-6996-4b9d-8051-1ad3637a901c}</UniqueIdentifier>
    </Filter>
  </ItemGroup>
  <ItemGroup>
    <ClCompile Include="DPCoreClient.cpp">
      <Filter>Source Files</Filter>
    </ClCompile>
    <ClCompile Include="DPDatabaseClient.cpp">
      <Filter>Source Files</Filter>
    </ClCompile>
    <ClCompile Include="DPLoginSrvr.cpp">
      <Filter>Source Files</Filter>
    </ClCompile>
    <ClCompile Include="LoginProtect.cpp">
      <Filter>Source Files</Filter>
    </ClCompile>
    <ClCompile Include="LoginServer.cpp">
      <Filter>Source Files</Filter>
    </ClCompile>
    <ClCompile Include="..\_Common\memtrace.cpp">
      <Filter>Source Files</Filter>
    </ClCompile>
    <ClCompile Include="StdAfx.cpp">
      <Filter>Source Files</Filter>
    </ClCompile>
    <ClCompile Include="User.cpp">
      <Filter>Source Files</Filter>
    </ClCompile>
    <ClCompile Include="..\_network\misc\src\ar.cpp">
      <Filter>Network Files\Misc</Filter>
    </ClCompile>
    <ClCompile Include="..\_network\misc\src\dos2.cpp">
      <Filter>Network Files\Misc</Filter>
    </ClCompile>
    <ClCompile Include="..\_Network\Misc\Src\heapmng.cpp">
      <Filter>Network Files\Misc</Filter>
    </ClCompile>
    <ClCompile Include="..\_network\misc\src\MyTrace.cpp">
      <Filter>Network Files\Misc</Filter>
    </ClCompile>
    <ClCompile Include="..\_network\net\src\buffer.cpp">
      <Filter>Network Files\Net</Filter>
    </ClCompile>
    <ClCompile Include="..\_network\net\src\clientsock.cpp">
      <Filter>Network Files\Net</Filter>
    </ClCompile>
    <ClCompile Include="..\_network\net\src\clientsocke.cpp">
      <Filter>Network Files\Net</Filter>
    </ClCompile>
    <ClCompile Include="..\_Network\Net\Src\crc.cpp">
      <Filter>Network Files\Net</Filter>
    </ClCompile>
    <ClCompile Include="..\_network\net\src\dpmng.cpp">
      <Filter>Network Files\Net</Filter>
    </ClCompile>
    <ClCompile Include="..\_network\net\src\dpsock.cpp">
      <Filter>Network Files\Net</Filter>
    </ClCompile>
    <ClCompile Include="..\_network\net\src\serversock.cpp">
      <Filter>Network Files\Net</Filter>
    </ClCompile>
    <ClCompile Include="..\_network\net\src\serversocke.cpp">
      <Filter>Network Files\Net</Filter>
    </ClCompile>
    <ClCompile Include="..\_network\net\src\sock.cpp">
      <Filter>Network Files\Net</Filter>
    </ClCompile>
    <ClCompile Include="..\_UnhandledException\exceptionhandler.cpp">
      <Filter>Neuz Files</Filter>
    </ClCompile>
    <ClCompile Include="..\_DirectX\dxutil.cpp">
      <Filter>Neuz Files\DirectX Files</Filter>
    </ClCompile>
    <ClCompile Include="..\_common\debug.cpp">
      <Filter>Neuz Files\Common Files</Filter>
    </ClCompile>
    <ClCompile Include="..\_Common\file.cpp">
      <Filter>Neuz Files\Common Files</Filter>
    </ClCompile>
    <ClCompile Include="..\_Common\timer.cpp">
      <Filter>Neuz Files\Common Files</Filter>
    </ClCompile>
    <ClCompile Include="..\_Common\vUtil.cpp">
      <Filter>Neuz Files\Common Files</Filter>
    </ClCompile>
    <ClCompile Include="..\_common\xutil.cpp">
      <Filter>Neuz Files\Common Files</Filter>
    </ClCompile>
    <ClCompile Include="..\_Common\scanner.cpp">
      <Filter>Neuz Files\Common Files\Script</Filter>
    </ClCompile>
  </ItemGroup>
  <ItemGroup>
    <ResourceCompile Include="LoginServer.rc">
      <Filter>Source Files</Filter>
    </ResourceCompile>
  </ItemGroup>
  <ItemGroup>
    <ClInclude Include="DPCoreClient.h">
      <Filter>Header Files</Filter>
    </ClInclude>
    <ClInclude Include="DPDatabaseClient.h">
      <Filter>Header Files</Filter>
    </ClInclude>
    <ClInclude Include="DPLoginSrvr.h">
      <Filter>Header Files</Filter>
    </ClInclude>
    <ClInclude Include="LoginProtect.h">
      <Filter>Header Files</Filter>
    </ClInclude>
    <ClInclude Include="LoginServer.h">
      <Filter>Header Files</Filter>
    </ClInclude>
    <ClInclude Include="..\_Common\memtrace.h">
      <Filter>Header Files</Filter>
    </ClInclude>
    <ClInclude Include="resource.h">
      <Filter>Header Files</Filter>
    </ClInclude>
    <ClInclude Include="StdAfx.h">
      <Filter>Header Files</Filter>
    </ClInclude>
    <ClInclude Include="User.h">
      <Filter>Header Files</Filter>
    </ClInclude>
    <ClInclude Include="VersionCommon.h">
      <Filter>Header Files</Filter>
    </ClInclude>
    <ClInclude Include="..\_network\CmnHdr.h">
      <Filter>Network Files</Filter>
    </ClInclude>
    <ClInclude Include="..\_network\ggsrv.h">
      <Filter>Network Files</Filter>
    </ClInclude>
    <ClInclude Include="..\_network\MsgHdr.h">
      <Filter>Network Files</Filter>
    </ClInclude>
    <ClInclude Include="..\_network\misc\include\ar.h">
      <Filter>Network Files\Misc</Filter>
    </ClInclude>
    <ClInclude Include="..\_network\misc\include\dos2.h">
      <Filter>Network Files\Misc</Filter>
    </ClInclude>
    <ClInclude Include="..\_network\misc\include\heapmng.h">
      <Filter>Network Files\Misc</Filter>
    </ClInclude>
    <ClInclude Include="..\_network\misc\include\mempool.h">
      <Filter>Network Files\Misc</Filter>
    </ClInclude>
    <ClInclude Include="..\_network\misc\include\MEMPOOLER.H">
      <Filter>Network Files\Misc</Filter>
    </ClInclude>
    <ClInclude Include="..\_network\misc\include\memspy.h">
      <Filter>Network Files\Misc</Filter>
    </ClInclude>
    <ClInclude Include="..\_network\misc\include\MyMap.h">
      <Filter>Network Files\Misc</Filter>
    </ClInclude>
    <ClInclude Include="..\_network\misc\include\MyTrace.h">
      <Filter>Network Files\Misc</Filter>
    </ClInclude>
    <ClInclude Include="..\_network\misc\include\ObjMap.h">
      <Filter>Network Files\Misc</Filter>
    </ClInclude>
    <ClInclude Include="..\_network\misc\include\tickcount.h">
      <Filter>Network Files\Misc</Filter>
    </ClInclude>
    <ClInclude Include="..\_network\mcl\include\cmcl.h">
      <Filter>Network Files\Mcl</Filter>
    </ClInclude>
    <ClInclude Include="..\_network\mcl\include\cmclautolock.h">
      <Filter>Network Files\Mcl</Filter>
    </ClInclude>
    <ClInclude Include="..\_network\mcl\include\cmclcritsec.h">
      <Filter>Network Files\Mcl</Filter>
    </ClInclude>
    <ClInclude Include="..\_network\net\include\buffer.h">
      <Filter>Network Files\Net</Filter>
    </ClInclude>
    <ClInclude Include="..\_network\net\include\clientsock.h">
      <Filter>Network Files\Net</Filter>
    </ClInclude>
    <ClInclude Include="..\_network\net\include\clientsocke.h">
      <Filter>Network Files\Net</Filter>
    </ClInclude>
    <ClInclude Include="..\_network\net\include\crc.h">
      <Filter>Network Files\Net</Filter>
    </ClInclude>
    <ClInclude Include="..\_network\net\include\dpmng.h">
      <Filter>Network Files\Net</Filter>
    </ClInclude>
    <ClInclude Include="..\_network\net\include\dpsock.h">
      <Filter>Network Files\Net</Filter>
    </ClInclude>
    <ClInclude Include="..\_network\net\include\serversock.h">
      <Filter>Network Files\Net</Filter>
    </ClInclude>
    <ClInclude Include="..\_network\net\include\serversocke.h">
      <Filter>Network Files\Net</Filter>
    </ClInclude>
    <ClInclude Include="..\_network\net\include\sock.h">
      <Filter>Network Files\Net</Filter>
    </ClInclude>
    <ClInclude Include="..\_Common\DefineCommon.h">
      <Filter>Neuz Files</Filter>
    </ClInclude>
    <ClInclude Include="..\_UnhandledException\ExceptionHandler.h">
      <Filter>Neuz Files</Filter>
    </ClInclude>
    <ClInclude Include="..\_DirectX\dxutil.h">
      <Filter>Neuz Files\DirectX Files</Filter>
    </ClInclude>
    <ClInclude Include="..\_Common\data.h">
      <Filter>Neuz Files\Common Files</Filter>
    </ClInclude>
    <ClInclude Include="..\_common\debug.h">
      <Filter>Neuz Files\Common Files</Filter>
    </ClInclude>
    <ClInclude Include="..\_Common\file.h">
      <Filter>Neuz Files\Common Files</Filter>
    </ClInclude>
    <ClInclude Include="..\_Common\timer.h">
      <Filter>Neuz Files\Common Files</Filter>
    </ClInclude>
    <ClInclude Include="..\_Common\vUtil.h">
      <Filter>Neuz Files\Common Files</Filter>
    </ClInclude>
    <ClInclude Include="..\_common\xutil.h">
      <Filter>Neuz Files\Common Files</Filter>
    </ClInclude>
    <ClInclude Include="..\_Common\scanner.h">
      <Filter>Neuz Files\Common Files\Script</Filter>
    </ClInclude>
  </ItemGroup>
  <ItemGroup>
    <Image Include="LoginServer.ico">
      <Filter>Resource Files</Filter>
    </Image>
    <Image Include="small.ico">
      <Filter>Resource Files</Filter>
    </Image>
  </ItemGroup>
  <ItemGroup>
    <None Include="LoginServer.ini">
      <Filter>Resource Files</Filter>
    </None>
  </ItemGroup>
  <ItemGroup>
    <Library Include="..\_UnhandledException\neuzd.lib">
      <Filter>Neuz Files</Filter>
    </Library>
  </ItemGroup>
</Project>